
Microsoft Visual Studio Solution File, Format Version 12.00
# Visual Studio Version 17
VisualStudioVersion = 17.9.34622.214
MinimumVisualStudioVersion = 10.0.40219.1
Project("{FAE04EC0-301F-11D3-BF4B-00C04F79EFBC}") = "ExaminationSystem", "ExaminationSystem\ExaminationSystem.csproj", "{415B272B-CB9D-4349-8A62-E5D0BCFCAF76}"
EndProject
Global
	GlobalSection(SolutionConfigurationPlatforms) = preSolution
		Debug|Any CPU = Debug|Any CPU
		Release|Any CPU = Release|Any CPU
	EndGlobalSection
	GlobalSection(ProjectConfigurationPlatforms) = postSolution
		{415B272B-CB9D-4349-8A62-E5D0BCFCAF76}.Debug|Any CPU.ActiveCfg = Debug|Any CPU
		{415B272B-CB9D-4349-8A62-E5D0BCFCAF76}.Debug|Any CPU.Build.0 = Debug|Any CPU
		{415B272B-CB9D-4349-8A62-E5D0BCFCAF76}.Release|Any CPU.ActiveCfg = Release|Any CPU
		{415B272B-CB9D-4349-8A62-E5D0BCFCAF76}.Release|Any CPU.Build.0 = Release|Any CPU
	EndGlobalSection
	GlobalSection(SolutionProperties) = preSolution
		HideSolutionNode = FALSE
	EndGlobalSection
	GlobalSection(ExtensibilityGlobals) = postSolution
		SolutionGuid = {2549F847-905A-41F8-8559-4E91A7CD4413}
	EndGlobalSection
EndGlobal
